
Microsoft Visual Studio Solution File, Format Version 12.00
# Visual Studio 15
VisualStudioVersion = 15.0.26124.0
MinimumVisualStudioVersion = 15.0.26124.0
Project("{FAE04EC0-301F-11D3-BF4B-00C04F79EFBC}") = "Domain", "Domain\Domain.csproj", "{269C1232-70C6-4293-9FB5-CF90E220A6FA}"
EndProject
Project("{FAE04EC0-301F-11D3-BF4B-00C04F79EFBC}") = "Application", "Application\Application.csproj", "{5BED1E1D-FCB3-4ED1-84AA-DAF98195F874}"
EndProject
Project("{FAE04EC0-301F-11D3-BF4B-00C04F79EFBC}") = "Persistence", "Persistence\Persistence.csproj", "{340903A0-AC1D-4D46-8311-747C25898D0E}"
EndProject
Project("{FAE04EC0-301F-11D3-BF4B-00C04F79EFBC}") = "API", "API\API.csproj", "{DBD7A574-6613-4E1C-B3FF-3448B34C8CCA}"
EndProject
Global
	GlobalSection(SolutionConfigurationPlatforms) = preSolution
		Debug|Any CPU = Debug|Any CPU
		Debug|x64 = Debug|x64
		Debug|x86 = Debug|x86
		Release|Any CPU = Release|Any CPU
		Release|x64 = Release|x64
		Release|x86 = Release|x86
	EndGlobalSection
	GlobalSection(SolutionProperties) = preSolution
		HideSolutionNode = FALSE
	EndGlobalSection
	GlobalSection(ProjectConfigurationPlatforms) = postSolution
		{269C1232-70C6-4293-9FB5-CF90E220A6FA}.Debug|Any CPU.ActiveCfg = Debug|Any CPU
		{269C1232-70C6-4293-9FB5-CF90E220A6FA}.Debug|Any CPU.Build.0 = Debug|Any CPU
		{269C1232-70C6-4293-9FB5-CF90E220A6FA}.Debug|x64.ActiveCfg = Debug|Any CPU
		{269C1232-70C6-4293-9FB5-CF90E220A6FA}.Debug|x64.Build.0 = Debug|Any CPU
		{269C1232-70C6-4293-9FB5-CF90E220A6FA}.Debug|x86.ActiveCfg = Debug|Any CPU
		{269C1232-70C6-4293-9FB5-CF90E220A6FA}.Debug|x86.Build.0 = Debug|Any CPU
		{269C1232-70C6-4293-9FB5-CF90E220A6FA}.Release|Any CPU.ActiveCfg = Release|Any CPU
		{269C1232-70C6-4293-9FB5-CF90E220A6FA}.Release|Any CPU.Build.0 = Release|Any CPU
		{269C1232-70C6-4293-9FB5-CF90E220A6FA}.Release|x64.ActiveCfg = Release|Any CPU
		{269C1232-70C6-4293-9FB5-CF90E220A6FA}.Release|x64.Build.0 = Release|Any CPU
		{269C1232-70C6-4293-9FB5-CF90E220A6FA}.Release|x86.ActiveCfg = Release|Any CPU
		{269C1232-70C6-4293-9FB5-CF90E220A6FA}.Release|x86.Build.0 = Release|Any CPU
		{5BED1E1D-FCB3-4ED1-84AA-DAF98195F874}.Debug|Any CPU.ActiveCfg = Debug|Any CPU
		{5BED1E1D-FCB3-4ED1-84AA-DAF98195F874}.Debug|Any CPU.Build.0 = Debug|Any CPU
		{5BED1E1D-FCB3-4ED1-84AA-DAF98195F874}.Debug|x64.ActiveCfg = Debug|Any CPU
		{5BED1E1D-FCB3-4ED1-84AA-DAF98195F874}.Debug|x64.Build.0 = Debug|Any CPU
		{5BED1E1D-FCB3-4ED1-84AA-DAF98195F874}.Debug|x86.ActiveCfg = Debug|Any CPU
		{5BED1E1D-FCB3-4ED1-84AA-DAF98195F874}.Debug|x86.Build.0 = Debug|Any CPU
		{5BED1E1D-FCB3-4ED1-84AA-DAF98195F874}.Release|Any CPU.ActiveCfg = Release|Any CPU
		{5BED1E1D-FCB3-4ED1-84AA-DAF98195F874}.Release|Any CPU.Build.0 = Release|Any CPU
		{5BED1E1D-FCB3-4ED1-84AA-DAF98195F874}.Release|x64.ActiveCfg = Release|Any CPU
		{5BED1E1D-FCB3-4ED1-84AA-DAF98195F874}.Release|x64.Build.0 = Release|Any CPU
		{5BED1E1D-FCB3-4ED1-84AA-DAF98195F874}.Release|x86.ActiveCfg = Release|Any CPU
		{5BED1E1D-FCB3-4ED1-84AA-DAF98195F874}.Release|x86.Build.0 = Release|Any CPU
		{340903A0-AC1D-4D46-8311-747C25898D0E}.Debug|Any CPU.ActiveCfg = Debug|Any CPU
		{340903A0-AC1D-4D46-8311-747C25898D0E}.Debug|Any CPU.Build.0 = Debug|Any CPU
		{340903A0-AC1D-4D46-8311-747C25898D0E}.Debug|x64.ActiveCfg = Debug|Any CPU
		{340903A0-AC1D-4D46-8311-747C25898D0E}.Debug|x64.Build.0 = Debug|Any CPU
		{340903A0-AC1D-4D46-8311-747C25898D0E}.Debug|x86.ActiveCfg = Debug|Any CPU
		{340903A0-AC1D-4D46-8311-747C25898D0E}.Debug|x86.Build.0 = Debug|Any CPU
		{340903A0-AC1D-4D46-8311-747C25898D0E}.Release|Any CPU.ActiveCfg = Release|Any CPU
		{340903A0-AC1D-4D46-8311-747C25898D0E}.Release|Any CPU.Build.0 = Release|Any CPU
		{340903A0-AC1D-4D46-8311-747C25898D0E}.Release|x64.ActiveCfg = Release|Any CPU
		{340903A0-AC1D-4D46-8311-747C25898D0E}.Release|x64.Build.0 = Release|Any CPU
		{340903A0-AC1D-4D46-8311-747C25898D0E}.Release|x86.ActiveCfg = Release|Any CPU
		{340903A0-AC1D-4D46-8311-747C25898D0E}.Release|x86.Build.0 = Release|Any CPU
		{DBD7A574-6613-4E1C-B3FF-3448B34C8CCA}.Debug|Any CPU.ActiveCfg = Debug|Any CPU
		{DBD7A574-6613-4E1C-B3FF-3448B34C8CCA}.Debug|Any CPU.Build.0 = Debug|Any CPU
		{DBD7A574-6613-4E1C-B3FF-3448B34C8CCA}.Debug|x64.ActiveCfg = Debug|Any CPU
		{DBD7A574-6613-4E1C-B3FF-3448B34C8CCA}.Debug|x64.Build.0 = Debug|Any CPU
		{DBD7A574-6613-4E1C-B3FF-3448B34C8CCA}.Debug|x86.ActiveCfg = Debug|Any CPU
		{DBD7A574-6613-4E1C-B3FF-3448B34C8CCA}.Debug|x86.Build.0 = Debug|Any CPU
		{DBD7A574-6613-4E1C-B3FF-3448B34C8CCA}.Release|Any CPU.ActiveCfg = Release|Any CPU
		{DBD7A574-6613-4E1C-B3FF-3448B34C8CCA}.Release|Any CPU.Build.0 = Release|Any CPU
		{DBD7A574-6613-4E1C-B3FF-3448B34C8CCA}.Release|x64.ActiveCfg = Release|Any CPU
		{DBD7A574-6613-4E1C-B3FF-3448B34C8CCA}.Release|x64.Build.0 = Release|Any CPU
		{DBD7A574-6613-4E1C-B3FF-3448B34C8CCA}.Release|x86.ActiveCfg = Release|Any CPU
		{DBD7A574-6613-4E1C-B3FF-3448B34C8CCA}.Release|x86.Build.0 = Release|Any CPU
	EndGlobalSection
EndGlobal
